
Microsoft Visual Studio Solution File, Format Version 12.00
# Visual Studio Version 16
VisualStudioVersion = 16.0.29806.167
MinimumVisualStudioVersion = 10.0.40219.1
Project("{FAE04EC0-301F-11D3-BF4B-00C04F79EFBC}") = "MoshSQLMastery", "MoshSQLMastery\MoshSQLMastery.csproj", "{9231355B-DE8D-4F21-9BC2-69E8CBE4D586}"
EndProject
Global
	GlobalSection(SolutionConfigurationPlatforms) = preSolution
		Debug|Any CPU = Debug|Any CPU
		Release|Any CPU = Release|Any CPU
	EndGlobalSection
	GlobalSection(ProjectConfigurationPlatforms) = postSolution
		{9231355B-DE8D-4F21-9BC2-69E8CBE4D586}.Debug|Any CPU.ActiveCfg = Debug|Any CPU
		{9231355B-DE8D-4F21-9BC2-69E8CBE4D586}.Debug|Any CPU.Build.0 = Debug|Any CPU
		{9231355B-DE8D-4F21-9BC2-69E8CBE4D586}.Release|Any CPU.ActiveCfg = Release|Any CPU
		{9231355B-DE8D-4F21-9BC2-69E8CBE4D586}.Release|Any CPU.Build.0 = Release|Any CPU
	EndGlobalSection
	GlobalSection(SolutionProperties) = preSolution
		HideSolutionNode = FALSE
	EndGlobalSection
	GlobalSection(ExtensibilityGlobals) = postSolution
		SolutionGuid = {0967731A-0A1A-4DC5-BD0B-AE08E97FFCAF}
	EndGlobalSection
EndGlobal
